hash: 6f93afe11819ba418862b10a7fc06022a4d08553162ec56108a4b26e7e8e6a39
updated: 2018-02-03T18:53:26.81386+03:00
imports:
- name: github.com/khorevaa/go-v8runner
  version: 510e2df88eced07270f8db5d6923a5d31816a8a9
  subpackages:
  - v8config-file
  - v8constants
  - v8dumpMode
  - v8platform
  - v8run
  - v8tools
- name: github.com/mash/go-tempfile-suffix
  version: 48f0f8a3a5ab605da31477ff5043493199e8fa9b
- name: github.com/mcuadros/go-version
  version: 88e56e02bea1c203c99222c365fa52a69996ccac
- name: github.com/pkg/errors
  version: 645ef00459ed84a119197bfb8d8205042c6df63d
- name: github.com/shomali11/util
  version: 02c26c8307cd6c2cc5cd72c903a3674aabd7f5d8
  subpackages:
  - strings
  - xrunes
  - xstrings
- name: github.com/sirupsen/logrus
  version: d682213848ed68c0a260ca37d6dd5ace8423f5ba
- name: golang.org/x/crypto
  version: 1875d0a70c90e57f11972aefd42276df65e895b9
  subpackages:
  - ssh/terminal
- name: golang.org/x/sys
  version: 37707fdb30a5b38865cfb95e5aab41707daec7fd
  subpackages:
  - unix
  - windows
- name: golang.org/x/text
  version: e19ae1496984b1c655b8044a65c0300a3c878dd3
  subpackages:
  - encoding
  - encoding/charmap
  - encoding/internal
  - encoding/internal/identifier
  - encoding/unicode
  - internal/utf8internal
  - runes
  - transform
testImports:
- name: github.com/labstack/gommon
  version: 57409ada9da0f2afad6664c49502f8c50fbd8476
  subpackages:
  - color
  - log
- name: github.com/mattn/go-colorable
  version: 167de6bfdfba052fa6b2d3664c8f5272e23c9072
- name: github.com/mattn/go-isatty
  version: 6ca4dbf54d38eea1a992b3c722a76a5d1c4cb25c
- name: github.com/valyala/bytebufferpool
  version: e746df99fe4a3986f4d4f79e13c1e0117ce9c2f7
- name: github.com/valyala/fasttemplate
  version: dcecefd839c4193db0d35b88ec65b4c12d360ab0
- name: gopkg.in/check.v1
  version: 20d25e2804050c1cd24a7eea1e7a6447dd0e74ec
